// !$*UTF8*$!
{
	archiveVersion = 1;
	classes = {
	};
	objectVersion = 46;
	objects = {

/* Begin PBXBuildFile section */
		9B5AC08B1EA58BDA003FCEDA /* Networking.swift in Sources */ = {isa = PBXBuildFile; fileRef = 9B5AC08A1EA58BDA003FCEDA /* Networking.swift */; };
		9B685ED71E9C5C9100799995 /* AppDelegate.swift in Sources */ = {isa = PBXBuildFile; fileRef = 9B685ED61E9C5C9100799995 /* AppDelegate.swift */; };
		9B685ED91E9C5C9100799995 /* TravelLocationsViewController.swift in Sources */ = {isa = PBXBuildFile; fileRef = 9B685ED81E9C5C9100799995 /* TravelLocationsViewController.swift */; };
		9B685EDC1E9C5C9100799995 /* Main.storyboard in Resources */ = {isa = PBXBuildFile; fileRef = 9B685EDA1E9C5C9100799995 /* Main.storyboard */; };
		9B685EDE1E9C5C9100799995 /* Assets.xcassets in Resources */ = {isa = PBXBuildFile; fileRef = 9B685EDD1E9C5C9100799995 /* Assets.xcassets */; };
		9B685EE11E9C5C9100799995 /* LaunchScreen.storyboard in Resources */ = {isa = PBXBuildFile; fileRef = 9B685EDF1E9C5C9100799995 /* LaunchScreen.storyboard */; };
		9BB080AF1EA026640056199A /* CoreDataStack.swift in Sources */ = {isa = PBXBuildFile; fileRef = 9BB080AE1EA026640056199A /* CoreDataStack.swift */; };
		9BB080B21EA0273C0056199A /* Model.xcdatamodeld in Sources */ = {isa = PBXBuildFile; fileRef = 9BB080B01EA0273C0056199A /* Model.xcdatamodeld */; };
		9BB080B71EA02B8C0056199A /* Pin+CoreDataClass.swift in Sources */ = {isa = PBXBuildFile; fileRef = 9BB080B31EA02B8C0056199A /* Pin+CoreDataClass.swift */; };
		9BB080B81EA02B8C0056199A /* Pin+CoreDataProperties.swift in Sources */ = {isa = PBXBuildFile; fileRef = 9BB080B41EA02B8C0056199A /* Pin+CoreDataProperties.swift */; };
		9BB080B91EA02B8C0056199A /* Photo+CoreDataClass.swift in Sources */ = {isa = PBXBuildFile; fileRef = 9BB080B51EA02B8C0056199A /* Photo+CoreDataClass.swift */; };
		9BB080BA1EA02B8C0056199A /* Photo+CoreDataProperties.swift in Sources */ = {isa = PBXBuildFile; fileRef = 9BB080B61EA02B8C0056199A /* Photo+CoreDataProperties.swift */; };
		9BBB89E81E9ED20C00CA0BD5 /* Constants.swift in Sources */ = {isa = PBXBuildFile; fileRef = 9BBB89E71E9ED20C00CA0BD5 /* Constants.swift */; };
		9BD0F0371EABD67F00579229 /* CollectionViewCell.swift in Sources */ = {isa = PBXBuildFile; fileRef = 9BD0F0361EABD67F00579229 /* CollectionViewCell.swift */; };
		9BDA33191E9D790A009B3BD4 /* PhotoAlbumViewController.swift in Sources */ = {isa = PBXBuildFile; fileRef = 9BDA33181E9D790A009B3BD4 /* PhotoAlbumViewController.swift */; };
		9BDA331B1E9D9508009B3BD4 /* NetworkReachability.swift in Sources */ = {isa = PBXBuildFile; fileRef = 9BDA331A1E9D9508009B3BD4 /* NetworkReachability.swift */; };
/* End PBXBuildFile section */

/* Begin PBXFileReference section */
		9B5AC08A1EA58BDA003FCEDA /* Networking.swift */ = {isa = PBXFileReference; fileEncoding = 4; lastKnownFileType = sourcecode.swift; path = Networking.swift; sourceTree = "<group>"; };
		9B685ED31E9C5C9100799995 /* VirtualTourist.app */ = {isa = PBXFileReference; explicitFileType = wrapper.application; includeInIndex = 0; path = VirtualTourist.app; sourceTree = BUILT_PRODUCTS_DIR; };
		9B685ED61E9C5C9100799995 /* AppDelegate.swift */ = {isa = PBXFileReference; lastKnownFileType = sourcecode.swift; path = AppDelegate.swift; sourceTree = "<group>"; };
		9B685ED81E9C5C9100799995 /* TravelLocationsViewController.swift */ = {isa = PBXFileReference; lastKnownFileType = sourcecode.swift; path = TravelLocationsViewController.swift; sourceTree = "<group>"; };
		9B685EDB1E9C5C9100799995 /* Base */ = {isa = PBXFileReference; lastKnownFileType = file.storyboard; name = Base; path = Base.lproj/Main.storyboard; sourceTree = "<group>"; };
		9B685EDD1E9C5C9100799995 /* Assets.xcassets */ = {isa = PBXFileReference; lastKnownFileType = folder.assetcatalog; path = Assets.xcassets; sourceTree = "<group>"; };
		9B685EE01E9C5C9100799995 /* Base */ = {isa = PBXFileReference; lastKnownFileType = file.storyboard; name = Base; path = Base.lproj/LaunchScreen.storyboard; sourceTree = "<group>"; };
		9B685EE21E9C5C9100799995 /* Info.plist */ = {isa = PBXFileReference; lastKnownFileType = text.plist.xml; path = Info.plist; sourceTree = "<group>"; };
		9BB080AE1EA026640056199A /* CoreDataStack.swift */ = {isa = PBXFileReference; fileEncoding = 4; lastKnownFileType = sourcecode.swift; name = CoreDataStack.swift; path = "../../../Downloads/ios-nd-persistence-swift-3 2/CoolNotes/13-CoreDataAndConcurrency/CoolNotes/CoreDataStack.swift"; sourceTree = "<group>"; };
		9BB080B11EA0273C0056199A /* Model.xcdatamodel */ = {isa = PBXFileReference; lastKnownFileType = wrapper.xcdatamodel; path = Model.xcdatamodel; sourceTree = "<group>"; };
		9BB080B31EA02B8C0056199A /* Pin+CoreDataClass.swift */ = {isa = PBXFileReference; fileEncoding = 4; lastKnownFileType = sourcecode.swift; path = "Pin+CoreDataClass.swift"; sourceTree = "<group>"; };
		9BB080B41EA02B8C0056199A /* Pin+CoreDataProperties.swift */ = {isa = PBXFileReference; fileEncoding = 4; lastKnownFileType = sourcecode.swift; path = "Pin+CoreDataProperties.swift"; sourceTree = "<group>"; };
		9BB080B51EA02B8C0056199A /* Photo+CoreDataClass.swift */ = {isa = PBXFileReference; fileEncoding = 4; lastKnownFileType = sourcecode.swift; path = "Photo+CoreDataClass.swift"; sourceTree = "<group>"; };
		9BB080B61EA02B8C0056199A /* Photo+CoreDataProperties.swift */ = {isa = PBXFileReference; fileEncoding = 4; lastKnownFileType = sourcecode.swift; path = "Photo+CoreDataProperties.swift"; sourceTree = "<group>"; };
		9BBB89E71E9ED20C00CA0BD5 /* Constants.swift */ = {isa = PBXFileReference; fileEncoding = 4; lastKnownFileType = sourcecode.swift; path = Constants.swift; sourceTree = "<group>"; };
		9BD0F0361EABD67F00579229 /* CollectionViewCell.swift */ = {isa = PBXFileReference; fileEncoding = 4; lastKnownFileType = sourcecode.swift; path = CollectionViewCell.swift; sourceTree = "<group>"; };
		9BDA33181E9D790A009B3BD4 /* PhotoAlbumViewController.swift */ = {isa = PBXFileReference; fileEncoding = 4; lastKnownFileType = sourcecode.swift; path = PhotoAlbumViewController.swift; sourceTree = "<group>"; };
		9BDA331A1E9D9508009B3BD4 /* NetworkReachability.swift */ = {isa = PBXFileReference; fileEncoding = 4; lastKnownFileType = sourcecode.swift; path = NetworkReachability.swift; sourceTree = "<group>"; };
		9BFFD23A1EBBFE7300C9B65D /* Model 2.xcdatamodel */ = {isa = PBXFileReference; lastKnownFileType = wrapper.xcdatamodel; path = "Model 2.xcdatamodel"; sourceTree = "<group>"; };
		9BFFD23B1EBBFEF100C9B65D /* Model 3.xcdatamodel */ = {isa = PBXFileReference; lastKnownFileType = wrapper.xcdatamodel; path = "Model 3.xcdatamodel"; sourceTree = "<group>"; };
/* End PBXFileReference section */

/* Begin PBXFrameworksBuildPhase section */
		9B685ED01E9C5C9000799995 /* Frameworks */ = {
			isa = PBXFrameworksBuildPhase;
			buildActionMask = 2147483647;
			files = (
			);
			runOnlyForDeploymentPostprocessing = 0;
		};
/* End PBXFrameworksBuildPhase section */

/* Begin PBXGroup section */
		9B685ECA1E9C5C9000799995 = {
			isa = PBXGroup;
			children = (
				9BB080B31EA02B8C0056199A /* Pin+CoreDataClass.swift */,
				9BB080B41EA02B8C0056199A /* Pin+CoreDataProperties.swift */,
				9BB080B51EA02B8C0056199A /* Photo+CoreDataClass.swift */,
				9BB080B61EA02B8C0056199A /* Photo+CoreDataProperties.swift */,
				9B685ED51E9C5C9100799995 /* VirtualTourist */,
				9B685ED41E9C5C9100799995 /* Products */,
			);
			sourceTree = "<group>";
		};
		9B685ED41E9C5C9100799995 /* Products */ = {
			isa = PBXGroup;
			children = (
				9B685ED31E9C5C9100799995 /* VirtualTourist.app */,
			);
			name = Products;
			sourceTree = "<group>";
		};
		9B685ED51E9C5C9100799995 /* VirtualTourist */ = {
			isa = PBXGroup;
			children = (
				9BB080AE1EA026640056199A /* CoreDataStack.swift */,
				9B685ED61E9C5C9100799995 /* AppDelegate.swift */,
				9B685ED81E9C5C9100799995 /* TravelLocationsViewController.swift */,
				9B685EDA1E9C5C9100799995 /* Main.storyboard */,
				9B685EDD1E9C5C9100799995 /* Assets.xcassets */,
				9B685EDF1E9C5C9100799995 /* LaunchScreen.storyboard */,
				9B685EE21E9C5C9100799995 /* Info.plist */,
				9BDA33181E9D790A009B3BD4 /* PhotoAlbumViewController.swift */,
				9BDA331A1E9D9508009B3BD4 /* NetworkReachability.swift */,
				9BBB89E71E9ED20C00CA0BD5 /* Constants.swift */,
				9BB080B01EA0273C0056199A /* Model.xcdatamodeld */,
				9B5AC08A1EA58BDA003FCEDA /* Networking.swift */,
				9BD0F0361EABD67F00579229 /* CollectionViewCell.swift */,
			);
			path = VirtualTourist;
			sourceTree = "<group>";
		};
/* End PBXGroup section */

/* Begin PBXNativeTarget section */
		9B685ED21E9C5C9000799995 /* VirtualTourist */ = {
			isa = PBXNativeTarget;
			buildConfigurationList = 9B685EE51E9C5C9100799995 /* Build configuration list for PBXNativeTarget "VirtualTourist" */;
			buildPhases = (
				9B685ECF1E9C5C9000799995 /* Sources */,
				9B685ED01E9C5C9000799995 /* Frameworks */,
				9B685ED11E9C5C9000799995 /* Resources */,
			);
			buildRules = (
			);
			dependencies = (
			);
			name = VirtualTourist;
			productName = VirtualTourist;
			productReference = 9B685ED31E9C5C9100799995 /* VirtualTourist.app */;
			productType = "com.apple.product-type.application";
		};
/* End PBXNativeTarget section */

/* Begin PBXProject section */
		9B685ECB1E9C5C9000799995 /* Project object */ = {
			isa = PBXProject;
			attributes = {
				LastSwiftUpdateCheck = 0830;
				LastUpgradeCheck = 0830;
				ORGANIZATIONNAME = "Kevin Reese";
				TargetAttributes = {
					9B685ED21E9C5C9000799995 = {
						CreatedOnToolsVersion = 8.3.1;
						DevelopmentTeam = P2H472GCNB;
						ProvisioningStyle = Automatic;
					};
				};
			};
			buildConfigurationList = 9B685ECE1E9C5C9000799995 /* Build configuration list for PBXProject "VirtualTourist" */;
			compatibilityVersion = "Xcode 3.2";
			developmentRegion = English;
			hasScannedForEncodings = 0;
			knownRegions = (
				en,
				Base,
			);
			mainGroup = 9B685ECA1E9C5C9000799995;
			productRefGroup = 9B685ED41E9C5C9100799995 /* Products */;
			projectDirPath = "";
			projectRoot = "";
			targets = (
				9B685ED21E9C5C9000799995 /* VirtualTourist */,
			);
		};
/* End PBXProject section */

/* Begin PBXResourcesBuildPhase section */
		9B685ED11E9C5C9000799995 /* Resources */ = {
			isa = PBXResourcesBuildPhase;
			buildActionMask = 2147483647;
			files = (
				9B685EE11E9C5C9100799995 /* LaunchScreen.storyboard in Resources */,
				9B685EDE1E9C5C9100799995 /* Assets.xcassets in Resources */,
				9B685EDC1E9C5C9100799995 /* Main.storyboard in Resources */,
			);
			runOnlyForDeploymentPostprocessing = 0;
		};
/* End PBXResourcesBuildPhase section */

/* Begin PBXSourcesBuildPhase section */
		9B685ECF1E9C5C9000799995 /* Sources */ = {
			isa = PBXSourcesBuildPhase;
			buildActionMask = 2147483647;
			files = (
				9BB080B91EA02B8C0056199A /* Photo+CoreDataClass.swift in Sources */,
				9BBB89E81E9ED20C00CA0BD5 /* Constants.swift in Sources */,
				9BB080B81EA02B8C0056199A /* Pin+CoreDataProperties.swift in Sources */,
				9B5AC08B1EA58BDA003FCEDA /* Networking.swift in Sources */,
				9B685ED91E9C5C9100799995 /* TravelLocationsViewController.swift in Sources */,
				9B685ED71E9C5C9100799995 /* AppDelegate.swift in Sources */,
				9BB080B21EA0273C0056199A /* Model.xcdatamodeld in Sources */,
				9BB080AF1EA026640056199A /* CoreDataStack.swift in Sources */,
				9BD0F0371EABD67F00579229 /* CollectionViewCell.swift in Sources */,
				9BB080B71EA02B8C0056199A /* Pin+CoreDataClass.swift in Sources */,
				9BB080BA1EA02B8C0056199A /* Photo+CoreDataProperties.swift in Sources */,
				9BDA33191E9D790A009B3BD4 /* PhotoAlbumViewController.swift in Sources */,
				9BDA331B1E9D9508009B3BD4 /* NetworkReachability.swift in Sources */,
			);
			runOnlyForDeploymentPostprocessing = 0;
		};
/* End PBXSourcesBuildPhase section */

/* Begin PBXVariantGroup section */
		9B685EDA1E9C5C9100799995 /* Main.storyboard */ = {
			isa = PBXVariantGroup;
			children = (
				9B685EDB1E9C5C9100799995 /* Base */,
			);
			name = Main.storyboard;
			sourceTree = "<group>";
		};
		9B685EDF1E9C5C9100799995 /* LaunchScreen.storyboard */ = {
			isa = PBXVariantGroup;
			children = (
				9B685EE01E9C5C9100799995 /* Base */,
			);
			name = LaunchScreen.storyboard;
			sourceTree = "<group>";
		};
/* End PBXVariantGroup section */

/* Begin XCBuildConfiguration section */
		9B685EE31E9C5C9100799995 /* Debug */ = {
			isa = XCBuildConfiguration;
			buildSettings = {
				ALWAYS_SEARCH_USER_PATHS = NO;
				CLANG_ANALYZER_NONNULL = YES;
				CLANG_ANALYZER_NUMBER_OBJECT_CONVERSION = YES_AGGRESSIVE;
				CLANG_CXX_LANGUAGE_STANDARD = "gnu++0x";
				CLANG_CXX_LIBRARY = "libc++";
				CLANG_ENABLE_MODULES = YES;
				CLANG_ENABLE_OBJC_ARC = YES;
				CLANG_WARN_BOOL_CONVERSION = YES;
				CLANG_WARN_CONSTANT_CONVERSION = YES;
				CLANG_WARN_DIRECT_OBJC_ISA_USAGE = YES_ERROR;
				CLANG_WARN_DOCUMENTATION_COMMENTS = YES;
				CLANG_WARN_EMPTY_BODY = YES;
				CLANG_WARN_ENUM_CONVERSION = YES;
				CLANG_WARN_INFINITE_RECURSION = YES;
				CLANG_WARN_INT_CONVERSION = YES;
				CLANG_WARN_OBJC_ROOT_CLASS = YES_ERROR;
				CLANG_WARN_SUSPICIOUS_MOVE = YES;
				CLANG_WARN_UNREACHABLE_CODE = YES;
				CLANG_WARN__DUPLICATE_METHOD_MATCH = YES;
				"CODE_SIGN_IDENTITY[sdk=iphoneos*]" = "iPhone Developer";
				COPY_PHASE_STRIP = NO;
				DEBUG_INFORMATION_FORMAT = dwarf;
				ENABLE_STRICT_OBJC_MSGSEND = YES;
				ENABLE_TESTABILITY = YES;
				GCC_C_LANGUAGE_STANDARD = gnu99;
				GCC_DYNAMIC_NO_PIC = NO;
				GCC_NO_COMMON_BLOCKS = YES;
				GCC_OPTIMIZATION_LEVEL = 0;
				GCC_PREPROCESSOR_DEFINITIONS = (
					"DEBUG=1",
					"$(inherited)",
				);
				GCC_WARN_64_TO_32_BIT_CONVERSION = YES;
				GCC_WARN_ABOUT_RETURN_TYPE = YES_ERROR;
				GCC_WARN_UNDECLARED_SELECTOR = YES;
				GCC_WARN_UNINITIALIZED_AUTOS = YES_AGGRESSIVE;
				GCC_WARN_UNUSED_FUNCTION = YES;
				GCC_WARN_UNUSED_VARIABLE = YES;
				IPHONEOS_DEPLOYMENT_TARGET = 10.3;
				MTL_ENABLE_DEBUG_INFO = YES;
				ONLY_ACTIVE_ARCH = YES;
				SDKROOT = iphoneos;
				SWIFT_ACTIVE_COMPILATION_CONDITIONS = DEBUG;
				SWIFT_OPTIMIZATION_LEVEL = "-Onone";
			};
			name = Debug;
		};
		9B685EE41E9C5C9100799995 /* Release */ = {
			isa = XCBuildConfiguration;
			buildSettings = {
				ALWAYS_SEARCH_USER_PATHS = NO;
				CLANG_ANALYZER_NONNULL = YES;
				CLANG_ANALYZER_NUMBER_OBJECT_CONVERSION = YES_AGGRESSIVE;
				CLANG_CXX_LANGUAGE_STANDARD = "gnu++0x";
				CLANG_CXX_LIBRARY = "libc++";
				CLANG_ENABLE_MODULES = YES;
				CLANG_ENABLE_OBJC_ARC = YES;
				CLANG_WARN_BOOL_CONVERSION = YES;
				CLANG_WARN_CONSTANT_CONVERSION = YES;
				CLANG_WARN_DIRECT_OBJC_ISA_USAGE = YES_ERROR;
				CLANG_WARN_DOCUMENTATION_COMMENTS = YES;
				CLANG_WARN_EMPTY_BODY = YES;
				CLANG_WARN_ENUM_CONVERSION = YES;
				CLANG_WARN_INFINITE_RECURSION = YES;
				CLANG_WARN_INT_CONVERSION = YES;
				CLANG_WARN_OBJC_ROOT_CLASS = YES_ERROR;
				CLANG_WARN_SUSPICIOUS_MOVE = YES;
				CLANG_WARN_UNREACHABLE_CODE = YES;
				CLANG_WARN__DUPLICATE_METHOD_MATCH = YES;
				"CODE_SIGN_IDENTITY[sdk=iphoneos*]" = "iPhone Developer";
				COPY_PHASE_STRIP = NO;
				DEBUG_INFORMATION_FORMAT = "dwarf-with-dsym";
				ENABLE_NS_ASSERTIONS = NO;
				ENABLE_STRICT_OBJC_MSGSEND = YES;
				GCC_C_LANGUAGE_STANDARD = gnu99;
				GCC_NO_COMMON_BLOCKS = YES;
				GCC_WARN_64_TO_32_BIT_CONVERSION = YES;
				GCC_WARN_ABOUT_RETURN_TYPE = YES_ERROR;
				GCC_WARN_UNDECLARED_SELECTOR = YES;
				GCC_WARN_UNINITIALIZED_AUTOS = YES_AGGRESSIVE;
				GCC_WARN_UNUSED_FUNCTION = YES;
				GCC_WARN_UNUSED_VARIABLE = YES;
				IPHONEOS_DEPLOYMENT_TARGET = 10.3;
				MTL_ENABLE_DEBUG_INFO = NO;
				SDKROOT = iphoneos;
				SWIFT_OPTIMIZATION_LEVEL = "-Owholemodule";
				VALIDATE_PRODUCT = YES;
			};
			name = Release;
		};
		9B685EE61E9C5C9100799995 /* Debug */ = {
			isa = XCBuildConfiguration;
			buildSettings = {
				ASSETCATALOG_COMPILER_APPICON_NAME = AppIcon;
				DEVELOPMENT_TEAM = P2H472GCNB;
				INFOPLIST_FILE = VirtualTourist/Info.plist;
				LD_RUNPATH_SEARCH_PATHS = "$(inherited) @executable_path/Frameworks";
				PRODUCT_BUNDLE_IDENTIFIER = kevinReese.VirtualTourist;
				PRODUCT_NAME = "$(TARGET_NAME)";
				SWIFT_VERSION = 3.0;
			};
			name = Debug;
		};
		9B685EE71E9C5C9100799995 /* Release */ = {
			isa = XCBuildConfiguration;
			buildSettings = {
				ASSETCATALOG_COMPILER_APPICON_NAME = AppIcon;
				DEVELOPMENT_TEAM = P2H472GCNB;
				INFOPLIST_FILE = VirtualTourist/Info.plist;
				LD_RUNPATH_SEARCH_PATHS = "$(inherited) @executable_path/Frameworks";
				PRODUCT_BUNDLE_IDENTIFIER = kevinReese.VirtualTourist;
				PRODUCT_NAME = "$(TARGET_NAME)";
				SWIFT_VERSION = 3.0;
			};
			name = Release;
		};
/* End XCBuildConfiguration section */

/* Begin XCConfigurationList section */
		9B685ECE1E9C5C9000799995 /* Build configuration list for PBXProject "VirtualTourist" */ = {
			isa = XCConfigurationList;
			buildConfigurations = (
				9B685EE31E9C5C9100799995 /* Debug */,
				9B685EE41E9C5C9100799995 /* Release */,
			);
			defaultConfigurationIsVisible = 0;
			defaultConfigurationName = Release;
		};
		9B685EE51E9C5C9100799995 /* Build configuration list for PBXNativeTarget "VirtualTourist" */ = {
			isa = XCConfigurationList;
			buildConfigurations = (
				9B685EE61E9C5C9100799995 /* Debug */,
				9B685EE71E9C5C9100799995 /* Release */,
			);
			defaultConfigurationIsVisible = 0;
			defaultConfigurationName = Release;
		};
/* End XCConfigurationList section */

/* Begin XCVersionGroup section */
		9BB080B01EA0273C0056199A /* Model.xcdatamodeld */ = {
			isa = XCVersionGroup;
			children = (
				9BFFD23B1EBBFEF100C9B65D /* Model 3.xcdatamodel */,
				9BFFD23A1EBBFE7300C9B65D /* Model 2.xcdatamodel */,
				9BB080B11EA0273C0056199A /* Model.xcdatamodel */,
			);
			currentVersion = 9BFFD23B1EBBFEF100C9B65D /* Model 3.xcdatamodel */;
			path = Model.xcdatamodeld;
			sourceTree = "<group>";
			versionGroupType = wrapper.xcdatamodel;
		};
/* End XCVersionGroup section */
	};
	rootObject = 9B685ECB1E9C5C9000799995 /* Project object */;
}
